{
    "_meta": {
        "hash": {
            "sha256": "7deacc8d6197b7b48c660eaa645f24c7e46c95ebcb2fcab1ddc40857c12624e7"
        },
        "pipfile-spec": 6,
        "requires": {
            "python_version": "3.7"
        },
        "sources": [
            {
                "name": "pypi",
                "url": "https://pypi.org/simple",
                "verify_ssl": true
            }
        ]
    },
    "default": {
        "altgraph": {
            "hashes": [
                "sha256:743628f2ac6a7c26f5d9223c91ed8ecbba535f506f4b6f558885a8a56a105857",
                "sha256:ebf2269361b47d97b3b88e696439f6e4cbc607c17c51feb1754f90fb79839158"
            ],
            "version": "==0.17.2"
        },
        "attrs": {
            "hashes": [
                "sha256:2d27e3784d7a565d36ab851fe94887c5eccd6a463168875832a1be79c82828b4",
                "sha256:626ba8234211db98e869df76230a137c4c40a12d72445c45d5f5b716f076e2fd"
            ],
            "markers": "python_version >= '2.7' and python_version not in '3.0, 3.1, 3.2, 3.3, 3.4'",
            "version": "==21.4.0"
        },
        "bidict": {
            "hashes": [
                "sha256:3ac67daa353ecf853a1df9d3e924f005e729227a60a8dbada31a4c31aba7f654",
                "sha256:42c84ffbe6f8de898af6073b4be9ea7ccedcd78d3474aa844c54e49d5a079f6f"
            ],
            "markers": "python_version >= '3.6'",
            "version": "==0.21.4"
        },
        "certifi": {
            "hashes": [
                "sha256:78884e7c1d4b00ce3cea67b44566851c4343c120abd683433ce934a68ea58872",
                "sha256:d62a0163eb4c2344ac042ab2bdf75399a71a2d8c7d47eac2e2ee91b9d6339569"
            ],
            "version": "==2021.10.8"
        },
        "chardet": {
            "hashes": [
                "sha256:0d6f53a15db4120f2b08c94f11e7d93d2c911ee118b6b30a04ec3ee8310179fa",
                "sha256:f864054d66fd9118f2e67044ac8981a54775ec5b67aed0441892edb553d21da5"
            ],
            "markers": "python_version >= '2.7' and python_version not in '3.0, 3.1, 3.2, 3.3, 3.4'",
            "version": "==4.0.0"
        },
        "click": {
            "hashes": [
                "sha256:6a7a62563bbfabfda3a38f3023a1db4a35978c0abd76f6c9605ecd6554d6d9b1",
                "sha256:8458d7b1287c5fb128c90e23381cf99dcde74beaf6c7ff6384ce84d6fe090adb"
            ],
            "markers": "python_version >= '3.6'",
            "version": "==8.0.4"
        },
        "dnspython": {
            "hashes": [
                "sha256:36c5e8e38d4369a08b6780b7f27d790a292b2b08eea01607865bf0936c558e01",
                "sha256:f69c21288a962f4da86e56c4905b49d11aba7938d3d740e80d9e366ee4f1632d"
            ],
            "index": "pypi",
            "version": "==1.16.0"
        },
        "evdev": {
            "hashes": [
                "sha256:8782740eb1a86b187334c07feb5127d3faa0b236e113206dfe3ae8f77fb1aaf1"
            ],
            "markers": "'linux' in sys_platform",
            "version": "==1.4.0"
        },
        "eventlet": {
            "hashes": [
                "sha256:1811b122d9a45eb5bafba092d36911bca825f835cb648a862bbf984030acff9d",
                "sha256:89cc6dbfef47c4629cefead5fde21c5f2b33464d57f7df5fc5148f8b4de3fbb5"
            ],
            "index": "pypi",
            "version": "==0.30.2"
        },
        "flask": {
            "hashes": [
                "sha256:59da8a3170004800a2837844bfa84d49b022550616070f7cb1a659682b2e7c9f",
                "sha256:e1120c228ca2f553b470df4a5fa927ab66258467526069981b3eb0a91902687d"
            ],
            "markers": "python_version >= '3.6'",
            "version": "==2.0.3"
        },
        "flask-socketio": {
            "hashes": [
                "sha256:5c4319f5214ada20807857dc8fdf3dc7d2afe8d6dd38f5c516c72e2be47d2227",
                "sha256:5d9a4438bafd806c5a3b832e74b69758781a8ee26fb6c9b1dbdda9b4fced432e"
            ],
            "index": "pypi",
            "version": "==5.0.1"
        },
        "flaskwebgui": {
            "hashes": [
                "sha256:6f60f137a33210c535bec1e100f205ec7d9d1476f33fa801b14c70a2764b6b74",
                "sha256:9b26176d8babb77d46f65ed9c9bbfa400f7a8532f61d380a252a47750468871c"
            ],
            "index": "pypi",
            "version": "==0.2.2"
        },
        "greenlet": {
            "hashes": [
                "sha256:0051c6f1f27cb756ffc0ffbac7d2cd48cb0362ac1736871399a739b2885134d3",
                "sha256:00e44c8afdbe5467e4f7b5851be223be68adb4272f44696ee71fe46b7036a711",
                "sha256:013d61294b6cd8fe3242932c1c5e36e5d1db2c8afb58606c5a67efce62c1f5fd",
                "sha256:049fe7579230e44daef03a259faa24511d10ebfa44f69411d99e6a184fe68073",
                "sha256:14d4f3cd4e8b524ae9b8aa567858beed70c392fdec26dbdb0a8a418392e71708",
                "sha256:166eac03e48784a6a6e0e5f041cfebb1ab400b394db188c48b3a84737f505b67",
                "sha256:17ff94e7a83aa8671a25bf5b59326ec26da379ace2ebc4411d690d80a7fbcf23",
                "sha256:1e12bdc622676ce47ae9abbf455c189e442afdde8818d9da983085df6312e7a1",
                "sha256:21915eb821a6b3d9d8eefdaf57d6c345b970ad722f856cd71739493ce003ad08",
                "sha256:288c6a76705dc54fba69fbcb59904ae4ad768b4c768839b8ca5fdadec6dd8cfd",
                "sha256:2bde6792f313f4e918caabc46532aa64aa27a0db05d75b20edfc5c6f46479de2",
                "sha256:32ca72bbc673adbcfecb935bb3fb1b74e663d10a4b241aaa2f5a75fe1d1f90aa",
                "sha256:356b3576ad078c89a6107caa9c50cc14e98e3a6c4874a37c3e0273e4baf33de8",
                "sha256:40b951f601af999a8bf2ce8c71e8aaa4e8c6f78ff8afae7b808aae2dc50d4c40",
                "sha256:572e1787d1460da79590bf44304abbc0a2da944ea64ec549188fa84d89bba7ab",
                "sha256:58df5c2a0e293bf665a51f8a100d3e9956febfbf1d9aaf8c0677cf70218910c6",
                "sha256:64e6175c2e53195278d7388c454e0b30997573f3f4bd63697f88d855f7a6a1fc",
                "sha256:7227b47e73dedaa513cdebb98469705ef0d66eb5a1250144468e9c3097d6b59b",
                "sha256:7418b6bfc7fe3331541b84bb2141c9baf1ec7132a7ecd9f375912eca810e714e",
                "sha256:7cbd7574ce8e138bda9df4efc6bf2ab8572c9aff640d8ecfece1b006b68da963",
                "sha256:7ff61ff178250f9bb3cd89752df0f1dd0e27316a8bd1465351652b1b4a4cdfd3",
                "sha256:833e1551925ed51e6b44c800e71e77dacd7e49181fdc9ac9a0bf3714d515785d",
                "sha256:8639cadfda96737427330a094476d4c7a56ac03de7265622fcf4cfe57c8ae18d",
                "sha256:8c5d5b35f789a030ebb95bff352f1d27a93d81069f2adb3182d99882e095cefe",
                "sha256:8c790abda465726cfb8bb08bd4ca9a5d0a7bd77c7ac1ca1b839ad823b948ea28",
                "sha256:8d2f1fb53a421b410751887eb4ff21386d119ef9cde3797bf5e7ed49fb51a3b3",
                "sha256:903bbd302a2378f984aef528f76d4c9b1748f318fe1294961c072bdc7f2ffa3e",
                "sha256:93f81b134a165cc17123626ab8da2e30c0455441d4ab5576eed73a64c025b25c",
                "sha256:95e69877983ea39b7303570fa6760f81a3eec23d0e3ab2021b7144b94d06202d",
                "sha256:9633b3034d3d901f0a46b7939f8c4d64427dfba6bbc5a36b1a67364cf148a1b0",
                "sha256:97e5306482182170ade15c4b0d8386ded995a07d7cc2ca8f27958d34d6736497",
                "sha256:9f3cba480d3deb69f6ee2c1825060177a22c7826431458c697df88e6aeb3caee",
                "sha256:aa5b467f15e78b82257319aebc78dd2915e4c1436c3c0d1ad6f53e47ba6e2713",
                "sha256:abb7a75ed8b968f3061327c433a0fbd17b729947b400747c334a9c29a9af6c58",
                "sha256:aec52725173bd3a7b56fe91bc56eccb26fbdff1386ef123abb63c84c5b43b63a",
                "sha256:b11548073a2213d950c3f671aa88e6f83cda6e2fb97a8b6317b1b5b33d850e06",
                "sha256:b1692f7d6bc45e3200844be0dba153612103db241691088626a33ff1f24a0d88",
                "sha256:b336501a05e13b616ef81ce329c0e09ac5ed8c732d9ba7e3e983fcc1a9e86965",
                "sha256:b8c008de9d0daba7b6666aa5bbfdc23dcd78cafc33997c9b7741ff6353bafb7f",
                "sha256:b92e29e58bef6d9cfd340c72b04d74c4b4e9f70c9fa7c78b674d1fec18896dc4",
                "sha256:be5f425ff1f5f4b3c1e33ad64ab994eed12fc284a6ea71c5243fd564502ecbe5",
                "sha256:dd0b1e9e891f69e7675ba5c92e28b90eaa045f6ab134ffe70b52e948aa175b3c",
                "sha256:e30f5ea4ae2346e62cedde8794a56858a67b878dd79f7df76a0767e356b1744a",
                "sha256:e6a36bb9474218c7a5b27ae476035497a6990e21d04c279884eb10d9b290f1b1",
                "sha256:e859fcb4cbe93504ea18008d1df98dee4f7766db66c435e4882ab35cf70cac43",
                "sha256:eb6ea6da4c787111adf40f697b4e58732ee0942b5d3bd8f435277643329ba627",
                "sha256:ec8c433b3ab0419100bd45b47c9c8551248a5aee30ca5e9d399a0b57ac04651b",
                "sha256:eff9d20417ff9dcb0d25e2defc2574d10b491bf2e693b4e491914738b7908168",
                "sha256:f0214eb2a23b85528310dad848ad2ac58e735612929c8072f6093f3585fd342d",
                "sha256:f276df9830dba7a333544bd41070e8175762a7ac20350786b322b714b0e654f5",
                "sha256:f3acda1924472472ddd60c29e5b9db0cec629fbe3c5c5accb74d6d6d14773478",
                "sha256:f70a9e237bb792c7cc7e44c531fd48f5897961701cdaa06cf22fc14965c496cf",
                "sha256:f9d29ca8a77117315101425ec7ec2a47a22ccf59f5593378fc4077ac5b754fce",
                "sha256:fa877ca7f6b48054f847b61d6fa7bed5cebb663ebc55e018fda12db09dcc664c",
                "sha256:fdcec0b8399108577ec290f55551d926d9a1fa6cad45882093a7a07ac5ec147b"
            ],
            "markers": "python_version >= '2.7' and python_version not in '3.0, 3.1, 3.2, 3.3, 3.4'",
            "version": "==1.1.2"
        },
        "idna": {
            "hashes": [
                "sha256:b307872f855b18632ce0c21c5e45be78c0ea7ae4c15c828c20788b26921eb3f6",
                "sha256:b97d804b1e9b523befed77c48dacec60e6dcb0b5391d57af6a65a312a90648c0"
            ],
            "markers": "python_version >= '2.7' and python_version not in '3.0, 3.1, 3.2, 3.3'",
            "version": "==2.10"
        },
        "importlib-metadata": {
            "hashes": [
                "sha256:1208431ca90a8cca1a6b8af391bb53c1a2db74e5d1cef6ddced95d4b2062edc6",
                "sha256:ea4c597ebf37142f827b8f39299579e31685c31d3a438b59f469406afd0f2539"
            ],
            "markers": "python_version < '3.8'",
            "version": "==4.11.3"
        },
        "iniconfig": {
            "hashes": [
                "sha256:011e24c64b7f47f6ebd835bb12a743f2fbe9a26d4cecaa7f53bc4f35ee9da8b3",
                "sha256:bc3af051d7d14b2ee5ef9969666def0cd1a000e121eaea580d4a313df4b37f32"
            ],
            "version": "==1.1.1"
        },
        "itsdangerous": {
            "hashes": [
                "sha256:7b7d3023cd35d9cb0c1fd91392f8c95c6fa02c59bf8ad64b8849be3401b95afb",
                "sha256:935642cd4b987cdbee7210080004033af76306757ff8b4c0a506a4b6e06f02cf"
            ],
            "markers": "python_version >= '3.7'",
            "version": "==2.1.1"
        },
        "jinja2": {
            "hashes": [
                "sha256:077ce6014f7b40d03b47d1f1ca4b0fc8328a692bd284016f806ed0eaca390ad8",
                "sha256:611bb273cd68f3b993fabdc4064fc858c5b47a973cb5aa7999ec1ba405c87cd7"
            ],
            "markers": "python_version >= '3.6'",
            "version": "==3.0.3"
        },
        "markupsafe": {
            "hashes": [
                "sha256:0212a68688482dc52b2d45013df70d169f542b7394fc744c02a57374a4207003",
                "sha256:089cf3dbf0cd6c100f02945abeb18484bd1ee57a079aefd52cffd17fba910b88",
                "sha256:10c1bfff05d95783da83491be968e8fe789263689c02724e0c691933c52994f5",
                "sha256:33b74d289bd2f5e527beadcaa3f401e0df0a89927c1559c8566c066fa4248ab7",
                "sha256:3799351e2336dc91ea70b034983ee71cf2f9533cdff7c14c90ea126bfd95d65a",
                "sha256:3ce11ee3f23f79dbd06fb3d63e2f6af7b12db1d46932fe7bd8afa259a5996603",
                "sha256:421be9fbf0ffe9ffd7a378aafebbf6f4602d564d34be190fc19a193232fd12b1",
                "sha256:43093fb83d8343aac0b1baa75516da6092f58f41200907ef92448ecab8825135",
                "sha256:46d00d6cfecdde84d40e572d63735ef81423ad31184100411e6e3388d405e247",
                "sha256:4a33dea2b688b3190ee12bd7cfa29d39c9ed176bda40bfa11099a3ce5d3a7ac6",
                "sha256:4b9fe39a2ccc108a4accc2676e77da025ce383c108593d65cc909add5c3bd601",
                "sha256:56442863ed2b06d19c37f94d999035e15ee982988920e12a5b4ba29b62ad1f77",
                "sha256:671cd1187ed5e62818414afe79ed29da836dde67166a9fac6d435873c44fdd02",
                "sha256:694deca8d702d5db21ec83983ce0bb4b26a578e71fbdbd4fdcd387daa90e4d5e",
                "sha256:6a074d34ee7a5ce3effbc526b7083ec9731bb3cbf921bbe1d3005d4d2bdb3a63",
                "sha256:6d0072fea50feec76a4c418096652f2c3238eaa014b2f94aeb1d56a66b41403f",
                "sha256:6fbf47b5d3728c6aea2abb0589b5d30459e369baa772e0f37a0320185e87c980",
                "sha256:7f91197cc9e48f989d12e4e6fbc46495c446636dfc81b9ccf50bb0ec74b91d4b",
                "sha256:86b1f75c4e7c2ac2ccdaec2b9022845dbb81880ca318bb7a0a01fbf7813e3812",
                "sha256:8dc1c72a69aa7e082593c4a203dcf94ddb74bb5c8a731e4e1eb68d031e8498ff",
                "sha256:8e3dcf21f367459434c18e71b2a9532d96547aef8a871872a5bd69a715c15f96",
                "sha256:8e576a51ad59e4bfaac456023a78f6b5e6e7651dcd383bcc3e18d06f9b55d6d1",
                "sha256:96e37a3dc86e80bf81758c152fe66dbf60ed5eca3d26305edf01892257049925",
                "sha256:97a68e6ada378df82bc9f16b800ab77cbf4b2fada0081794318520138c088e4a",
                "sha256:99a2a507ed3ac881b975a2976d59f38c19386d128e7a9a18b7df6fff1fd4c1d6",
                "sha256:a49907dd8420c5685cfa064a1335b6754b74541bbb3706c259c02ed65b644b3e",
                "sha256:b09bf97215625a311f669476f44b8b318b075847b49316d3e28c08e41a7a573f",
                "sha256:b7bd98b796e2b6553da7225aeb61f447f80a1ca64f41d83612e6139ca5213aa4",
                "sha256:b87db4360013327109564f0e591bd2a3b318547bcef31b468a92ee504d07ae4f",
                "sha256:bcb3ed405ed3222f9904899563d6fc492ff75cce56cba05e32eff40e6acbeaa3",
                "sha256:d4306c36ca495956b6d568d276ac11fdd9c30a36f1b6eb928070dc5360b22e1c",
                "sha256:d5ee4f386140395a2c818d149221149c54849dfcfcb9f1debfe07a8b8bd63f9a",
                "sha256:dda30ba7e87fbbb7eab1ec9f58678558fd9a6b8b853530e176eabd064da81417",
                "sha256:e04e26803c9c3851c931eac40c695602c6295b8d432cbe78609649ad9bd2da8a",
                "sha256:e1c0b87e09fa55a220f058d1d49d3fb8df88fbfab58558f1198e08c1e1de842a",
                "sha256:e72591e9ecd94d7feb70c1cbd7be7b3ebea3f548870aa91e2732960fa4d57a37",
                "sha256:e8c843bbcda3a2f1e3c2ab25913c80a3c5376cd00c6e8c4a86a89a28c8dc5452",
                "sha256:efc1913fd2ca4f334418481c7e595c00aad186563bbc1ec76067848c7ca0a933",
                "sha256:f121a1420d4e173a5d96e47e9a0c0dcff965afdf1626d28de1460815f7c4ee7a",
                "sha256:fc7b548b17d238737688817ab67deebb30e8073c95749d55538ed473130ec0c7"
            ],
            "markers": "python_version >= '3.7'",
            "version": "==2.1.1"
        },
        "packaging": {
            "hashes": [
                "sha256:dd47c42927d89ab911e606518907cc2d3a1f38bbd026385970643f9c5b8ecfeb",
                "sha256:ef103e05f519cdc783ae24ea4e2e0f508a9c99b2d4969652eed6a2e1ea5bd522"
            ],
            "markers": "python_version >= '3.6'",
            "version": "==21.3"
        },
        "pluggy": {
            "hashes": [
                "sha256:15b2acde666561e1298d71b523007ed7364de07029219b604cf808bfa1c765b0",
                "sha256:966c145cd83c96502c3c3868f50408687b38434af77734af1e9ca461a4081d2d"
            ],
            "markers": "python_version >= '2.7' and python_version not in '3.0, 3.1, 3.2, 3.3'",
            "version": "==0.13.1"
        },
        "psutil": {
            "hashes": [
                "sha256:072664401ae6e7c1bfb878c65d7282d4b4391f1bc9a56d5e03b5a490403271b5",
                "sha256:1070a9b287846a21a5d572d6dddd369517510b68710fca56b0e9e02fd24bed9a",
                "sha256:1d7b433519b9a38192dfda962dd8f44446668c009833e1429a52424624f408b4",
                "sha256:3151a58f0fbd8942ba94f7c31c7e6b310d2989f4da74fcbf28b934374e9bf841",
                "sha256:32acf55cb9a8cbfb29167cd005951df81b567099295291bcfd1027365b36591d",
                "sha256:3611e87eea393f779a35b192b46a164b1d01167c9d323dda9b1e527ea69d697d",
                "sha256:3d00a664e31921009a84367266b35ba0aac04a2a6cad09c550a89041034d19a0",
                "sha256:4e2fb92e3aeae3ec3b7b66c528981fd327fb93fd906a77215200404444ec1845",
                "sha256:539e429da49c5d27d5a58e3563886057f8fc3868a5547b4f1876d9c0f007bccf",
                "sha256:55ce319452e3d139e25d6c3f85a1acf12d1607ddedea5e35fb47a552c051161b",
                "sha256:58c7d923dc209225600aec73aa2c4ae8ea33b1ab31bc11ef8a5933b027476f07",
                "sha256:7336292a13a80eb93c21f36bde4328aa748a04b68c13d01dfddd67fc13fd0618",
                "sha256:742c34fff804f34f62659279ed5c5b723bb0195e9d7bd9907591de9f8f6558e2",
                "sha256:7641300de73e4909e5d148e90cc3142fb890079e1525a840cf0dfd39195239fd",
                "sha256:76cebf84aac1d6da5b63df11fe0d377b46b7b500d892284068bacccf12f20666",
                "sha256:7779be4025c540d1d65a2de3f30caeacc49ae7a2152108adeaf42c7534a115ce",
                "sha256:7d190ee2eaef7831163f254dc58f6d2e2a22e27382b936aab51c835fc080c3d3",
                "sha256:8293942e4ce0c5689821f65ce6522ce4786d02af57f13c0195b40e1edb1db61d",
                "sha256:869842dbd66bb80c3217158e629d6fceaecc3a3166d3d1faee515b05dd26ca25",
                "sha256:90a58b9fcae2dbfe4ba852b57bd4a1dded6b990a33d6428c7614b7d48eccb492",
                "sha256:9b51917c1af3fa35a3f2dabd7ba96a2a4f19df3dec911da73875e1edaf22a40b",
                "sha256:b2237f35c4bbae932ee98902a08050a27821f8f6dfa880a47195e5993af4702d",
                "sha256:c3400cae15bdb449d518545cbd5b649117de54e3596ded84aacabfbb3297ead2",
                "sha256:c51f1af02334e4b516ec221ee26b8fdf105032418ca5a5ab9737e8c87dafe203",
                "sha256:cb8d10461c1ceee0c25a64f2dd54872b70b89c26419e147a05a10b753ad36ec2",
                "sha256:d62a2796e08dd024b8179bd441cb714e0f81226c352c802fca0fd3f89eeacd94",
                "sha256:df2c8bd48fb83a8408c8390b143c6a6fa10cb1a674ca664954de193fdcab36a9",
                "sha256:e5c783d0b1ad6ca8a5d3e7b680468c9c926b804be83a3a8e95141b05c39c9f64",
                "sha256:e9805fed4f2a81de98ae5fe38b75a74c6e6ad2df8a5c479594c7629a1fe35f56",
                "sha256:ea42d747c5f71b5ccaa6897b216a7dadb9f52c72a0fe2b872ef7d3e1eacf3ba3",
                "sha256:ef216cc9feb60634bda2f341a9559ac594e2eeaadd0ba187a4c2eb5b5d40b91c",
                "sha256:ff0d41f8b3e9ebb6b6110057e40019a432e96aae2008951121ba4e56040b84f3"
            ],
            "markers": "python_version >= '2.6' and python_version not in '3.0, 3.1, 3.2, 3.3'",
            "version": "==5.9.0"
        },
        "py": {
            "hashes": [
                "sha256:51c75c4126074b472f746a24399ad32f6053d1b34b68d2fa41e558e6f4a98719",
                "sha256:607c53218732647dff4acdfcd50cb62615cedf612e72d1724fb1a0cc6405b378"
            ],
            "markers": "python_version >= '2.7' and python_version not in '3.0, 3.1, 3.2, 3.3, 3.4'",
            "version": "==1.11.0"
        },
        "pyinstaller": {
            "hashes": [
                "sha256:f5c0eeb2aa663cce9a5404292c0195011fa500a6501c873a466b2e8cad3c950c"
            ],
            "index": "pypi",
            "version": "==4.2"
        },
        "pyinstaller-hooks-contrib": {
            "hashes": [
                "sha256:7605e440ccb55904cb2a87d72e83642ef176fb7030c77e52ac4d9679bb3d1537",
                "sha256:ab1d14fe053016fff7b0c6aea51d980bac6d02114b04063b46ef7dac70c70e1e"
            ],
            "markers": "python_version >= '3.7'",
            "version": "==2022.2"
        },
        "pynput": {
            "hashes": [
                "sha256:4e50b1a0ab86847e87e58f6d1993688b9a44f9f4c88d4712315ea8eb552ef828",
                "sha256:6626e8ea9ca482bb5628a7169e1193824e382c4ad3053e40f4f24f41ee7b41c9",
                "sha256:fea5777454f896bd79d35393088cd29a089f3b2da166f0848a922b1d5a807d4f"
            ],
            "index": "pypi",
            "version": "==1.7.3"
        },
        "pyparsing": {
            "hashes": [
                "sha256:18ee9022775d270c55187733956460083db60b37d0d0fb357445f3094eed3eea",
                "sha256:a6c06a88f252e6c322f65faf8f418b16213b51bdfaece0524c1c1bc30c63c484"
            ],
            "markers": "python_version >= '3.6'",
            "version": "==3.0.7"
        },
        "pytest": {
            "hashes": [
                "sha256:9d1edf9e7d0b84d72ea3dbcdfd22b35fb543a5e8f2a60092dd578936bf63d7f9",
                "sha256:b574b57423e818210672e07ca1fa90aaf194a4f63f3ab909a2c67ebb22913839"
            ],
            "index": "pypi",
            "version": "==6.2.2"
        },
        "python-engineio": {
            "hashes": [
                "sha256:6e1d26977ffefe3b7da1b5df7a8750aedc7686da8201cd90daf36693db122489",
                "sha256:85986067cb9f7695347954d4e03491f7d45152c5428c07109a9707e04e8942cb"
            ],
            "markers": "python_version >= '3.6'",
            "version": "==4.3.1"
        },
        "python-socketio": {
            "hashes": [
                "sha256:5a1b173a4c3471bed363c502a93b36a02e2a29847645c5557237b3359d49caf0",
                "sha256:6213f7dfbb87e554472d11151f96bae9059854aa88e4a1e0fa6e97cca1c3fcf4"
            ],
            "markers": "python_version >= '3.6'",
            "version": "==5.5.2"
        },
        "python-xlib": {
            "hashes": [
                "sha256:1ec6ce0de73d9e6592ead666779a5732b384e5b8fb1f1886bd0a81cafa477759",
                "sha256:74d83a081f532bc07f6d7afcd6416ec38403d68f68b9b9dc9e1f28fbf2d799e9"
            ],
            "markers": "'linux' in sys_platform",
            "version": "==0.31"
        },
        "pywin32": {
            "platform_system": "== 'Windows'",
            "version": "==300"
        },
        "pyzmq": {
            "hashes": [
                "sha256:13465c1ff969cab328bc92f7015ce3843f6e35f8871ad79d236e4fbc85dbe4cb",
                "sha256:23a74de4b43c05c3044aeba0d1f3970def8f916151a712a3ac1e5cd9c0bc2902",
                "sha256:26380487eae4034d6c2a3fb8d0f2dff6dd0d9dd711894e8d25aa2d1938950a33",
                "sha256:279cc9b51db48bec2db146f38e336049ac5a59e5f12fb3a8ad864e238c1c62e3",
                "sha256:2f971431aaebe0a8b54ac018e041c2f0b949a43745444e4dadcc80d0f0ef8457",
                "sha256:30df70f81fe210506aa354d7fd486a39b87d9f7f24c3d3f4f698ec5d96b8c084",
                "sha256:33acd2b9790818b9d00526135acf12790649d8d34b2b04d64558b469c9d86820",
                "sha256:38e3dca75d81bec4f2defa14b0a65b74545812bb519a8e89c8df96bbf4639356",
                "sha256:3e29f9cf85a40d521d048b55c63f59d6c772ac1c4bf51cdfc23b62a62e377c33",
                "sha256:3ef50d74469b03725d781a2a03c57537d86847ccde587130fe35caafea8f75c6",
                "sha256:4231943514812dfb74f44eadcf85e8dd8cf302b4d0bce450ce1357cac88dbfdc",
                "sha256:4f34a173f813b38b83f058e267e30465ed64b22cd0cf6bad21148d3fa718f9bb",
                "sha256:532af3e6dddea62d9c49062ece5add998c9823c2419da943cf95589f56737de0",
                "sha256:581787c62eaa0e0db6c5413cedc393ebbadac6ddfd22e1cf9a60da23c4f1a4b2",
                "sha256:60e63577b85055e4cc43892fecd877b86695ee3ef12d5d10a3c5d6e77a7cc1a3",
                "sha256:61e4bb6cd60caf1abcd796c3f48395e22c5b486eeca6f3a8797975c57d94b03e",
                "sha256:6d4163704201fff0f3ab0cd5d7a0ea1514ecfffd3926d62ec7e740a04d2012c7",
                "sha256:7026f0353977431fc884abd4ac28268894bd1a780ba84bb266d470b0ec26d2ed",
                "sha256:763c175294d861869f18eb42901d500eda7d3fa4565f160b3b2fd2678ea0ebab",
                "sha256:81e7df0da456206201e226491aa1fc449da85328bf33bbeec2c03bb3a9f18324",
                "sha256:9221783dacb419604d5345d0e097bddef4459a9a95322de6c306bf1d9896559f",
                "sha256:a558c5bc89d56d7253187dccc4e81b5bb0eac5ae9511eb4951910a1245d04622",
                "sha256:b25e5d339550a850f7e919fe8cb4c8eabe4c917613db48dab3df19bfb9a28969",
                "sha256:b62ea18c0458a65ccd5be90f276f7a5a3f26a6dea0066d948ce2fa896051420f",
                "sha256:c0cde362075ee8f3d2b0353b283e203c2200243b5a15d5c5c03b78112a17e7d4",
                "sha256:c5e29fe4678f97ce429f076a2a049a3d0b2660ada8f2c621e5dc9939426056dd",
                "sha256:d18ddc6741b51f3985978f2fda57ddcdae359662d7a6b395bc8ff2292fca14bd",
                "sha256:da7d4d4c778c86b60949d17531e60c54ed3726878de8a7f8a6d6e7f8cc8c3205",
                "sha256:f52070871a0fd90a99130babf21f8af192304ec1e995bec2a9533efc21ea4452",
                "sha256:f5831eff6b125992ec65d973f5151c48003b6754030094723ac4c6e80a97c8c4",
                "sha256:f7f63ce127980d40f3e6a5fdb87abf17ce1a7c2bd8bf2c7560e1bbce8ab1f92d",
                "sha256:ff1ea14075bbddd6f29bf6beb8a46d0db779bcec6b9820909584081ec119f8fd"
            ],
            "index": "pypi",
            "version": "==22.0.3"
        },
        "requests": {
            "hashes": [
                "sha256:27973dd4a904a4f13b263a19c866c13b92a39ed1c964655f025f3f8d3d75b804",
                "sha256:c210084e36a42ae6b9219e00e48287def368a26d03a048ddad7bfee44f75871e"
            ],
            "index": "pypi",
            "version": "==2.25.1"
        },
        "requests-cache": {
            "hashes": [
                "sha256:813023269686045f8e01e2289cc1e7e9ae5ab22ddd1e2849a9093ab3ab7270eb",
                "sha256:81e13559baee64677a7d73b85498a5a8f0639e204517b5d05ff378e44a57831a"
            ],
            "index": "pypi",
            "version": "==0.5.2"
        },
        "setuptools": {
            "hashes": [
                "sha256:6599055eeb23bfef457d5605d33a4d68804266e6cb430b0fb12417c5efeae36c",
                "sha256:782ef48d58982ddb49920c11a0c5c9c0b02e7d7d1c2ad0aa44e1a1e133051c96"
            ],
            "markers": "python_version >= '3.7'",
            "version": "==60.10.0"
        },
        "six": {
            "hashes": [
                "sha256:1e61c37477a1626458e36f7b1d82aa5c9b094fa4802892072e49de9c60c4c926",
                "sha256:8abb2f1d86890a2dfb989f9a77cfcfd3e47c2a354b01111771326f8aa26e0254"
            ],
            "markers": "python_version >= '2.7' and python_version not in '3.0, 3.1, 3.2, 3.3'",
            "version": "==1.16.0"
        },
        "toml": {
            "hashes": [
                "sha256:806143ae5bfb6a3c6e736a764057db0e6a0e05e338b5630894a5f779cabb4f9b",
                "sha256:b3bda1d108d5dd99f4a20d24d9c348e91c4db7ab1b749200bded2f839ccbe68f"
            ],
            "markers": "python_version >= '2.6' and python_version not in '3.0, 3.1, 3.2, 3.3'",
            "version": "==0.10.2"
        },
        "typing-extensions": {
            "hashes": [
                "sha256:1a9462dcc3347a79b1f1c0271fbe79e844580bb598bafa1ed208b94da3cdcd42",
                "sha256:21c85e0fe4b9a155d0799430b0ad741cdce7e359660ccbd8b530613e8df88ce2"
            ],
            "markers": "python_version < '3.8'",
            "version": "==4.1.1"
        },
        "urllib3": {
            "hashes": [
                "sha256:44ece4d53fb1706f667c9bd1c648f5469a2ec925fcf3a776667042d645472c14",
                "sha256:aabaf16477806a5e1dd19aa41f8c2b7950dd3c746362d7e3223dbe6de6ac448e"
            ],
            "markers": "python_version >= '2.7' and python_version not in '3.0, 3.1, 3.2, 3.3, 3.4' and python_version < '4'",
            "version": "==1.26.9"
        },
        "waitress": {
            "hashes": [
                "sha256:c549f5b2b4afd44d9d97d7cec79f3ef581e25d832827f415dc175327af674aa8",
                "sha256:e2e60576cf14a1539da79f7b7ee1e79a71e64f366a0b47db54a15e971f57bb16"
            ],
            "index": "pypi",
            "version": "==2.1.1"
        },
        "watchdog": {
            "hashes": [
                "sha256:035f4816daf3c62e03503c267620f3aa8fc7472df85ff3ef1e0c100ea1ed2744",
                "sha256:0f7e9de9ba84af15e9e9fc29c3b13c972daa4d2b11de29aa86b26a26bc877c06",
                "sha256:13c9ff58508dce55ba416eb0ef7af5aa5858558f2ec51112f099fd03503b670b",
                "sha256:19675b8d1f00dabe74a0e66d87980623250d9360a21612e8c27b70a4b214ceeb",
                "sha256:1cd715c4fb803581ded8943f39a51f21c17375d009ca9e3398d6b20638863a70",
                "sha256:1f518a6940cde8720b8826a705c164e6b9bd6cf8c00f14269ffac51e017e06ec",
                "sha256:3e933f3567c4521dd1a5d59fd54a522cae90bebcbeb8b74b84a2f33c90f08388",
                "sha256:41b1a773f364f232b5bc184688e8d60451745d9e0971ac60c648bd47be8f4733",
                "sha256:532fedd993e75554671faa36cd04c580ced3fae084254a779afbbd8aaf00566b",
                "sha256:74528772516228f6a015a647027057939ff0b695a0b864cb3037e8e1aabc7ca0",
                "sha256:89102465764e453609463cf620e744da1b0aa1f9f321b05961e2e7e15b3c9d8b",
                "sha256:a412b1914e27f67b0a10e1ee19b5d035a9f7c115a062bbbd640653d9820ba4c8",
                "sha256:ac6adbdf32e1d180574f9d0819e80259ae48e68727e80c3d950ed5a023714c3e",
                "sha256:adda34bfe6db05485c1dfcd98232bdec385f991fe16358750c2163473eefb985",
                "sha256:d2fcbc15772a82cd139c803a513c45b0fbc72a10a8a34dc2a8b429110b6f1236",
                "sha256:d54e187b76053982180532cb7fd31152201c438b348c456f699929f8a89e786d",
                "sha256:e0114e48ee981b38e328eaa0d5a625c7b4fc144b8dc7f7637749d6b5f7fefb0e"
            ],
            "index": "pypi",
            "version": "==2.0.2"
        },
        "werkzeug": {
            "hashes": [
                "sha256:1421ebfc7648a39a5c58c601b154165d05cf47a3cd0ccb70857cbdacf6c8f2b8",
                "sha256:b863f8ff057c522164b6067c9e28b041161b4be5ba4d0daceeaa50a163822d3c"
            ],
            "markers": "python_version >= '3.6'",
            "version": "==2.0.3"
        },
        "whichcraft": {
            "hashes": [
                "sha256:acdbb91b63d6a15efbd6430d1d7b2d36e44a71697e93e19b7ded477afd9fce87",
                "sha256:deda9266fbb22b8c64fd3ee45c050d61139cd87419765f588e37c8d23e236dd9"
            ],
            "version": "==0.6.1"
        },
        "zipp": {
            "hashes": [
                "sha256:9f50f446828eb9d45b267433fd3e9da8d801f614129124863f9c51ebceafb87d",
                "sha256:b47250dd24f92b7dd6a0a8fc5244da14608f3ca90a5efcd37a3b1642fac9a375"
            ],
            "markers": "python_version >= '3.7'",
            "version": "==3.7.0"
        }
    },
    "develop": {}
}
